<?xml version="1.0" encoding="utf-8"?>
<Project ToolsVersion="4.0" xmlns="http://schemas.microsoft.com/developer/msbuild/2003">
  <ItemGroup>
    <Filter Include="Fronter">
      <UniqueIdentifier>{8bf5443e-c0d0-48fc-b338-955a5a9b4b9f}</UniqueIdentifier>
    </Filter>
    <Filter Include="Resources">
      <UniqueIdentifier>{e4e5c633-3b78-4090-abce-2bba593c3205}</UniqueIdentifier>
    </Filter>
    <Filter Include="commonItems">
      <UniqueIdentifier>{969ac4a9-09b8-41ab-90c0-49ad0670d34c}</UniqueIdentifier>
    </Filter>
    <Filter Include="Fronter\Frames">
      <UniqueIdentifier>{09fe9420-b6ad-4203-8ee4-168ef6a56fef}</UniqueIdentifier>
    </Filter>
    <Filter Include="Fronter\Frames\Tabs">
      <UniqueIdentifier>{d72203bf-ebbb-4ba1-95e3-c8f39873f304}</UniqueIdentifier>
    </Filter>
    <Filter Include="Fronter\LogWatcher">
      <UniqueIdentifier>{52dee387-8a19-47c0-896f-5bb709b6b0ed}</UniqueIdentifier>
    </Filter>
    <Filter Include="Fronter\ConverterLauncher">
      <UniqueIdentifier>{a6302d15-8623-4ef6-9d72-d104014ad7ac}</UniqueIdentifier>
    </Filter>
    <Filter Include="Fronter\Configuration">
      <UniqueIdentifier>{6ed3be2c-93c8-4eb2-a036-510222632e84}</UniqueIdentifier>
    </Filter>
    <Filter Include="Fronter\Configuration\Options">
      <UniqueIdentifier>{8e5637fd-1958-4418-a2bc-d21d2aa6a2f6}</UniqueIdentifier>
    </Filter>
  </ItemGroup>
  <ItemGroup>
    <ClCompile Include="commonItems\ParserHelpers.cpp">
      <Filter>commonItems</Filter>
    </ClCompile>
    <ClCompile Include="commonItems\Log.cpp">
      <Filter>commonItems</Filter>
    </ClCompile>
    <ClCompile Include="commonItems\WinUtils.cpp">
      <Filter>commonItems</Filter>
    </ClCompile>
    <ClCompile Include="commonItems\iconvlite.cpp">
      <Filter>commonItems</Filter>
    </ClCompile>
    <ClCompile Include="Fronter\Source\Frontend.cpp">
      <Filter>Fronter</Filter>
    </ClCompile>
    <ClCompile Include="Fronter\Source\Frames\MainFrame.cpp">
      <Filter>Fronter\Frames</Filter>
    </ClCompile>
    <ClCompile Include="Fronter\Source\Frames\LogWindow.cpp">
      <Filter>Fronter\Frames</Filter>
    </ClCompile>
    <ClCompile Include="Fronter\Source\Frames\Tabs\PathsTab.cpp">
      <Filter>Fronter\Frames\Tabs</Filter>
    </ClCompile>
    <ClCompile Include="Fronter\Source\LogWatcher\LogWatcher.cpp">
      <Filter>Fronter\LogWatcher</Filter>
    </ClCompile>
    <ClCompile Include="Fronter\Source\Frames\Tabs\OptionsTab.cpp">
      <Filter>Fronter\Frames\Tabs</Filter>
    </ClCompile>
    <ClCompile Include="Fronter\Source\Frames\Tabs\OptionBox.cpp">
      <Filter>Fronter\Frames\Tabs</Filter>
    </ClCompile>
    <ClCompile Include="Fronter\Source\Frames\Tabs\ConvertTab.cpp">
      <Filter>Fronter\Frames\Tabs</Filter>
    </ClCompile>
    <ClCompile Include="Fronter\Source\ConverterLauncher\ConverterLauncher.cpp">
      <Filter>Fronter\ConverterLauncher</Filter>
    </ClCompile>
    <ClCompile Include="Fronter\Source\Configuration\Configuration.cpp">
      <Filter>Fronter\Configuration</Filter>
    </ClCompile>
    <ClCompile Include="Fronter\Source\Configuration\RequiredFile.cpp">
      <Filter>Fronter\Configuration</Filter>
    </ClCompile>
    <ClCompile Include="Fronter\Source\Configuration\RequiredFolder.cpp">
      <Filter>Fronter\Configuration</Filter>
    </ClCompile>
    <ClCompile Include="Fronter\Source\Configuration\Options\Option.cpp">
      <Filter>Fronter\Configuration\Options</Filter>
    </ClCompile>
    <ClCompile Include="Fronter\Source\Configuration\Options\RadioOption.cpp">
      <Filter>Fronter\Configuration\Options</Filter>
    </ClCompile>
    <ClCompile Include="Fronter\Source\Configuration\Options\RadioSelector.cpp">
      <Filter>Fronter\Configuration\Options</Filter>
    </ClCompile>
    <ClCompile Include="Fronter\Source\Configuration\Options\TextSelector.cpp">
      <Filter>Fronter\Configuration\Options</Filter>
    </ClCompile>
    <ClCompile Include="commonItems\Parser.cpp">
      <Filter>commonItems</Filter>
    </ClCompile>
    <ClCompile Include="commonItems\StringUtils.cpp">
      <Filter>commonItems</Filter>
    </ClCompile>
  </ItemGroup>
  <ItemGroup>
    <ClInclude Include="commonItems\ParserHelpers.h">
      <Filter>commonItems</Filter>
    </ClInclude>
    <ClInclude Include="commonItems\Log.h">
      <Filter>commonItems</Filter>
    </ClInclude>
    <ClInclude Include="commonItems\OSCompatibilityLayer.h">
      <Filter>commonItems</Filter>
    </ClInclude>
    <ClInclude Include="commonItems\iconvlite.h">
      <Filter>commonItems</Filter>
    </ClInclude>
    <ClInclude Include="Fronter\Source\Frontend.h">
      <Filter>Fronter</Filter>
    </ClInclude>
    <ClInclude Include="Fronter\Source\Frames\MainFrame.h">
      <Filter>Fronter\Frames</Filter>
    </ClInclude>
    <ClInclude Include="Fronter\Source\Frames\LogWindow.h">
      <Filter>Fronter\Frames</Filter>
    </ClInclude>
    <ClInclude Include="Fronter\Source\Frames\Tabs\PathsTab.h">
      <Filter>Fronter\Frames\Tabs</Filter>
    </ClInclude>
    <ClInclude Include="Fronter\Source\LogWatcher\LogWatcher.h">
      <Filter>Fronter\LogWatcher</Filter>
    </ClInclude>
    <ClInclude Include="Fronter\Source\Frames\Tabs\OptionsTab.h">
      <Filter>Fronter\Frames\Tabs</Filter>
    </ClInclude>
    <ClInclude Include="Fronter\Source\Frames\Tabs\OptionBox.h">
      <Filter>Fronter\Frames\Tabs</Filter>
    </ClInclude>
    <ClInclude Include="Fronter\Source\Frames\Tabs\ConvertTab.h">
      <Filter>Fronter\Frames\Tabs</Filter>
    </ClInclude>
    <ClInclude Include="Fronter\Source\ConverterLauncher\ConverterLauncher.h">
      <Filter>Fronter\ConverterLauncher</Filter>
    </ClInclude>
    <ClInclude Include="Fronter\Source\LogWatcher\LogMessageEvent.h">
      <Filter>Fronter\LogWatcher</Filter>
    </ClInclude>
    <ClInclude Include="Fronter\Source\Configuration\Configuration.h">
      <Filter>Fronter\Configuration</Filter>
    </ClInclude>
    <ClInclude Include="Fronter\Source\Configuration\RequiredFile.h">
      <Filter>Fronter\Configuration</Filter>
    </ClInclude>
    <ClInclude Include="Fronter\Source\Configuration\RequiredFolder.h">
      <Filter>Fronter\Configuration</Filter>
    </ClInclude>
    <ClInclude Include="Fronter\Source\Configuration\Options\Option.h">
      <Filter>Fronter\Configuration\Options</Filter>
    </ClInclude>
    <ClInclude Include="Fronter\Source\Configuration\Options\RadioOption.h">
      <Filter>Fronter\Configuration\Options</Filter>
    </ClInclude>
    <ClInclude Include="Fronter\Source\Configuration\Options\RadioSelector.h">
      <Filter>Fronter\Configuration\Options</Filter>
    </ClInclude>
    <ClInclude Include="Fronter\Source\Configuration\Options\TextSelector.h">
      <Filter>Fronter\Configuration\Options</Filter>
    </ClInclude>
    <ClInclude Include="commonItems\Parser.h">
      <Filter>commonItems</Filter>
    </ClInclude>
    <ClInclude Include="commonItems\StringUtils.h">
      <Filter>commonItems</Filter>
    </ClInclude>
  </ItemGroup>
  <ItemGroup>
    <Image Include="Fronter\Resources\converter.ico">
      <Filter>Resources</Filter>
    </Image>
  </ItemGroup>
</Project>