<?xml version="1.0" encoding="utf-8"?>
<Project ToolsVersion="4.0" xmlns="http://schemas.microsoft.com/developer/msbuild/2003">
  <ItemGroup>
    <Filter Include="Fronter">
      <UniqueIdentifier>{8bf5443e-c0d0-48fc-b338-955a5a9b4b9f}</UniqueIdentifier>
    </Filter>
    <Filter Include="Resources">
      <UniqueIdentifier>{e4e5c633-3b78-4090-abce-2bba593c3205}</UniqueIdentifier>
    </Filter>
    <Filter Include="commonItems">
      <UniqueIdentifier>{969ac4a9-09b8-41ab-90c0-49ad0670d34c}</UniqueIdentifier>
    </Filter>
    <Filter Include="Fronter\Frames">
      <UniqueIdentifier>{09fe9420-b6ad-4203-8ee4-168ef6a56fef}</UniqueIdentifier>
    </Filter>
    <Filter Include="Fronter\Frames\Tabs">
      <UniqueIdentifier>{d72203bf-ebbb-4ba1-95e3-c8f39873f304}</UniqueIdentifier>
    </Filter>
    <Filter Include="Fronter\Configuration">
      <UniqueIdentifier>{6ed3be2c-93c8-4eb2-a036-510222632e84}</UniqueIdentifier>
    </Filter>
    <Filter Include="Fronter\Configuration\Options">
      <UniqueIdentifier>{8e5637fd-1958-4418-a2bc-d21d2aa6a2f6}</UniqueIdentifier>
    </Filter>
    <Filter Include="Fronter\Utils">
      <UniqueIdentifier>{93d1d9a9-c4dd-4614-a484-cd0b8bc5f8af}</UniqueIdentifier>
    </Filter>
    <Filter Include="Fronter\WorkerThreads">
      <UniqueIdentifier>{0d000940-6146-445e-bac9-edae2e64286d}</UniqueIdentifier>
    </Filter>
    <Filter Include="Fronter\WorkerThreads\ConverterLauncher">
      <UniqueIdentifier>{958be5c0-b556-4a9a-ad12-e43f91513b1d}</UniqueIdentifier>
    </Filter>
    <Filter Include="Fronter\WorkerThreads\LogWatcher">
      <UniqueIdentifier>{b8377016-c6d4-4059-88dd-6684c6b3844f}</UniqueIdentifier>
    </Filter>
    <Filter Include="Fronter\WorkerThreads\ModCopier">
      <UniqueIdentifier>{be1644f7-1e92-45c6-af04-7cbac81b61fb}</UniqueIdentifier>
    </Filter>
    <Filter Include="Fronter\Utils\Localization">
      <UniqueIdentifier>{c9339acd-d377-407b-b71c-bbf84f889a73}</UniqueIdentifier>
    </Filter>
  </ItemGroup>
  <ItemGroup>
    <ClCompile Include="commonItems\ParserHelpers.cpp">
      <Filter>commonItems</Filter>
    </ClCompile>
    <ClCompile Include="commonItems\Log.cpp">
      <Filter>commonItems</Filter>
    </ClCompile>
    <ClCompile Include="commonItems\WinUtils.cpp">
      <Filter>commonItems</Filter>
    </ClCompile>
    <ClCompile Include="commonItems\iconvlite.cpp">
      <Filter>commonItems</Filter>
    </ClCompile>
    <ClCompile Include="Fronter\Source\Frontend.cpp">
      <Filter>Fronter</Filter>
    </ClCompile>
    <ClCompile Include="Fronter\Source\Frames\MainFrame.cpp">
      <Filter>Fronter\Frames</Filter>
    </ClCompile>
    <ClCompile Include="Fronter\Source\Frames\LogWindow.cpp">
      <Filter>Fronter\Frames</Filter>
    </ClCompile>
    <ClCompile Include="Fronter\Source\Frames\Tabs\PathsTab.cpp">
      <Filter>Fronter\Frames\Tabs</Filter>
    </ClCompile>
    <ClCompile Include="Fronter\Source\Frames\Tabs\OptionsTab.cpp">
      <Filter>Fronter\Frames\Tabs</Filter>
    </ClCompile>
    <ClCompile Include="Fronter\Source\Frames\Tabs\OptionBox.cpp">
      <Filter>Fronter\Frames\Tabs</Filter>
    </ClCompile>
    <ClCompile Include="Fronter\Source\Frames\Tabs\ConvertTab.cpp">
      <Filter>Fronter\Frames\Tabs</Filter>
    </ClCompile>
    <ClCompile Include="Fronter\Source\Configuration\Configuration.cpp">
      <Filter>Fronter\Configuration</Filter>
    </ClCompile>
    <ClCompile Include="Fronter\Source\Configuration\RequiredFile.cpp">
      <Filter>Fronter\Configuration</Filter>
    </ClCompile>
    <ClCompile Include="Fronter\Source\Configuration\RequiredFolder.cpp">
      <Filter>Fronter\Configuration</Filter>
    </ClCompile>
    <ClCompile Include="Fronter\Source\Configuration\Options\Option.cpp">
      <Filter>Fronter\Configuration\Options</Filter>
    </ClCompile>
    <ClCompile Include="Fronter\Source\Configuration\Options\RadioOption.cpp">
      <Filter>Fronter\Configuration\Options</Filter>
    </ClCompile>
    <ClCompile Include="Fronter\Source\Configuration\Options\RadioSelector.cpp">
      <Filter>Fronter\Configuration\Options</Filter>
    </ClCompile>
    <ClCompile Include="Fronter\Source\Configuration\Options\TextSelector.cpp">
      <Filter>Fronter\Configuration\Options</Filter>
    </ClCompile>
    <ClCompile Include="commonItems\Parser.cpp">
      <Filter>commonItems</Filter>
    </ClCompile>
    <ClCompile Include="commonItems\StringUtils.cpp">
      <Filter>commonItems</Filter>
    </ClCompile>
    <ClCompile Include="Fronter\Source\Utils\CommonFunctions.cpp">
      <Filter>Fronter\Utils</Filter>
    </ClCompile>
    <ClCompile Include="Fronter\Source\Utils\WinFunctions.cpp">
      <Filter>Fronter\Utils</Filter>
    </ClCompile>
    <ClCompile Include="Fronter\Source\WorkerThreads\ConverterLauncher\WinConverterLauncher.cpp">
      <Filter>Fronter\WorkerThreads\ConverterLauncher</Filter>
    </ClCompile>
    <ClCompile Include="Fronter\Source\WorkerThreads\LogWatcher\LogWatcher.cpp">
      <Filter>Fronter\WorkerThreads\LogWatcher</Filter>
    </ClCompile>
    <ClCompile Include="Fronter\Source\WorkerThreads\ModCopier\ModCopier.cpp">
      <Filter>Fronter\WorkerThreads\ModCopier</Filter>
    </ClCompile>
    <ClCompile Include="Fronter\Source\Utils\Localization\Localization.cpp">
      <Filter>Fronter\Utils\Localization</Filter>
    </ClCompile>
    <ClCompile Include="Fronter\Source\Configuration\Options\CheckBoxOption.cpp">
      <Filter>Fronter\Configuration\Options</Filter>
    </ClCompile>
    <ClCompile Include="Fronter\Source\Configuration\Options\CheckBoxSelector.cpp">
      <Filter>Fronter\Configuration\Options</Filter>
    </ClCompile>
  </ItemGroup>
  <ItemGroup>
    <ClInclude Include="commonItems\ParserHelpers.h">
      <Filter>commonItems</Filter>
    </ClInclude>
    <ClInclude Include="commonItems\Log.h">
      <Filter>commonItems</Filter>
    </ClInclude>
    <ClInclude Include="commonItems\OSCompatibilityLayer.h">
      <Filter>commonItems</Filter>
    </ClInclude>
    <ClInclude Include="commonItems\iconvlite.h">
      <Filter>commonItems</Filter>
    </ClInclude>
    <ClInclude Include="Fronter\Source\Frontend.h">
      <Filter>Fronter</Filter>
    </ClInclude>
    <ClInclude Include="Fronter\Source\Frames\MainFrame.h">
      <Filter>Fronter\Frames</Filter>
    </ClInclude>
    <ClInclude Include="Fronter\Source\Frames\LogWindow.h">
      <Filter>Fronter\Frames</Filter>
    </ClInclude>
    <ClInclude Include="Fronter\Source\Frames\Tabs\PathsTab.h">
      <Filter>Fronter\Frames\Tabs</Filter>
    </ClInclude>
    <ClInclude Include="Fronter\Source\Frames\Tabs\OptionsTab.h">
      <Filter>Fronter\Frames\Tabs</Filter>
    </ClInclude>
    <ClInclude Include="Fronter\Source\Frames\Tabs\OptionBox.h">
      <Filter>Fronter\Frames\Tabs</Filter>
    </ClInclude>
    <ClInclude Include="Fronter\Source\Frames\Tabs\ConvertTab.h">
      <Filter>Fronter\Frames\Tabs</Filter>
    </ClInclude>
    <ClInclude Include="Fronter\Source\Configuration\Configuration.h">
      <Filter>Fronter\Configuration</Filter>
    </ClInclude>
    <ClInclude Include="Fronter\Source\Configuration\RequiredFile.h">
      <Filter>Fronter\Configuration</Filter>
    </ClInclude>
    <ClInclude Include="Fronter\Source\Configuration\RequiredFolder.h">
      <Filter>Fronter\Configuration</Filter>
    </ClInclude>
    <ClInclude Include="Fronter\Source\Configuration\Options\Option.h">
      <Filter>Fronter\Configuration\Options</Filter>
    </ClInclude>
    <ClInclude Include="Fronter\Source\Configuration\Options\RadioOption.h">
      <Filter>Fronter\Configuration\Options</Filter>
    </ClInclude>
    <ClInclude Include="Fronter\Source\Configuration\Options\RadioSelector.h">
      <Filter>Fronter\Configuration\Options</Filter>
    </ClInclude>
    <ClInclude Include="Fronter\Source\Configuration\Options\TextSelector.h">
      <Filter>Fronter\Configuration\Options</Filter>
    </ClInclude>
    <ClInclude Include="commonItems\Parser.h">
      <Filter>commonItems</Filter>
    </ClInclude>
    <ClInclude Include="commonItems\StringUtils.h">
      <Filter>commonItems</Filter>
    </ClInclude>
    <ClInclude Include="Fronter\Source\Utils\CommonFunctions.h">
      <Filter>Fronter\Utils</Filter>
    </ClInclude>
    <ClInclude Include="Fronter\Source\Utils\OSFunctions.h">
      <Filter>Fronter\Utils</Filter>
    </ClInclude>
    <ClInclude Include="Fronter\Source\WorkerThreads\ConverterLauncher\ConverterLauncher.h">
      <Filter>Fronter\WorkerThreads\ConverterLauncher</Filter>
    </ClInclude>
    <ClInclude Include="Fronter\Source\WorkerThreads\LogWatcher\LogMessageEvent.h">
      <Filter>Fronter\WorkerThreads\LogWatcher</Filter>
    </ClInclude>
    <ClInclude Include="Fronter\Source\WorkerThreads\LogWatcher\LogWatcher.h">
      <Filter>Fronter\WorkerThreads\LogWatcher</Filter>
    </ClInclude>
    <ClInclude Include="Fronter\Source\WorkerThreads\ModCopier\ModCopier.h">
      <Filter>Fronter\WorkerThreads\ModCopier</Filter>
    </ClInclude>
    <ClInclude Include="Fronter\Source\Utils\Localization\Localization.h">
      <Filter>Fronter\Utils\Localization</Filter>
    </ClInclude>
    <ClInclude Include="Fronter\Source\Configuration\Options\CheckBoxOption.h">
      <Filter>Fronter\Configuration\Options</Filter>
    </ClInclude>
    <ClInclude Include="Fronter\Source\Configuration\Options\CheckBoxSelector.h">
      <Filter>Fronter\Configuration\Options</Filter>
    </ClInclude>
  </ItemGroup>
  <ItemGroup>
    <Image Include="Fronter\Resources\converter.ico">
      <Filter>Resources</Filter>
    </Image>
  </ItemGroup>
</Project>