<?xml version="1.0" encoding="UTF-8" standalone="yes" ?>
<CodeBlocks_project_file>
	<FileVersion major="1" minor="6" />
	<Project>
		<Option title="Fronter" />
		<Option pch_mode="2" />
		<Option compiler="gcc" />
		<Build>
			<Target title="Debug">
				<Option output="bin/Debug/Fronter" prefix_auto="1" extension_auto="1" />
				<Option object_output="obj/Debug/" />
				<Option type="0" />
				<Option compiler="gcc" />
				<Option projectLinkerOptionsRelation="2" />
				<Compiler>
					<Add option="-g" />
				</Compiler>
			</Target>
			<Target title="Release">
				<Option output="bin/Release/Fronter" prefix_auto="1" extension_auto="1" />
				<Option object_output="obj/Release/" />
				<Option type="0" />
				<Option compiler="gcc" />
				<Option projectLinkerOptionsRelation="2" />
				<Compiler>
					<Add option="-O2" />
				</Compiler>
				<Linker>
					<Add option="-s" />
				</Linker>
			</Target>
		</Build>
		<Compiler>
			<Add option="`wx-config --cflags`" />
			<Add option="-Wall" />
		</Compiler>
		<Linker>
			<Add option="`wx-config --libs`" />
		</Linker>
		<Unit filename="../commonItems/CommonFunctions.cpp" />
		<Unit filename="../commonItems/CommonFunctions.h" />
		<Unit filename="../commonItems/LinuxUtils.cpp" />
		<Unit filename="../commonItems/Log.cpp" />
		<Unit filename="../commonItems/Log.h" />
		<Unit filename="../commonItems/OSCommonLayer.cpp" />
		<Unit filename="../commonItems/OSCompatibilityLayer.h" />
		<Unit filename="../commonItems/Parser.cpp" />
		<Unit filename="../commonItems/Parser.h" />
		<Unit filename="../commonItems/ParserHelpers.cpp" />
		<Unit filename="../commonItems/ParserHelpers.h" />
		<Unit filename="../commonItems/StringUtils.cpp" />
		<Unit filename="../commonItems/StringUtils.h" />
		<Unit filename="../commonItems/iconvlite.cpp" />
		<Unit filename="../commonItems/iconvlite.h" />
		<Unit filename="Source/Configuration/Configuration.cpp" />
		<Unit filename="Source/Configuration/Configuration.h" />
		<Unit filename="Source/Configuration/Options/CheckBoxOption.cpp" />
		<Unit filename="Source/Configuration/Options/CheckBoxOption.h" />
		<Unit filename="Source/Configuration/Options/CheckBoxSelector.cpp" />
		<Unit filename="Source/Configuration/Options/CheckBoxSelector.h" />
		<Unit filename="Source/Configuration/Options/Option.cpp" />
		<Unit filename="Source/Configuration/Options/Option.h" />
		<Unit filename="Source/Configuration/Options/RadioOption.cpp" />
		<Unit filename="Source/Configuration/Options/RadioOption.h" />
		<Unit filename="Source/Configuration/Options/RadioSelector.cpp" />
		<Unit filename="Source/Configuration/Options/RadioSelector.h" />
		<Unit filename="Source/Configuration/Options/TextSelector.cpp" />
		<Unit filename="Source/Configuration/Options/TextSelector.h" />
		<Unit filename="Source/Configuration/RequiredFile.cpp" />
		<Unit filename="Source/Configuration/RequiredFile.h" />
		<Unit filename="Source/Configuration/RequiredFolder.cpp" />
		<Unit filename="Source/Configuration/RequiredFolder.h" />
		<Unit filename="Source/Frames/LogWindow.cpp" />
		<Unit filename="Source/Frames/LogWindow.h" />
		<Unit filename="Source/Frames/MainFrame.cpp" />
		<Unit filename="Source/Frames/MainFrame.h" />
		<Unit filename="Source/Frames/Tabs/ConvertTab.cpp" />
		<Unit filename="Source/Frames/Tabs/ConvertTab.h" />
		<Unit filename="Source/Frames/Tabs/OptionBox.cpp" />
		<Unit filename="Source/Frames/Tabs/OptionBox.h" />
		<Unit filename="Source/Frames/Tabs/OptionsTab.cpp" />
		<Unit filename="Source/Frames/Tabs/OptionsTab.h" />
		<Unit filename="Source/Frames/Tabs/PathsTab.cpp" />
		<Unit filename="Source/Frames/Tabs/PathsTab.h" />
		<Unit filename="Source/Frontend.cpp" />
		<Unit filename="Source/Frontend.h" />
		<Unit filename="Source/Utils/CommonFunctions.cpp" />
		<Unit filename="Source/Utils/CommonFunctions.h" />
		<Unit filename="Source/Utils/LinuxFunctions.cpp" />
		<Unit filename="Source/Utils/Localization/Localization.cpp" />
		<Unit filename="Source/Utils/Localization/Localization.h" />
		<Unit filename="Source/Utils/OSFunctions.h" />
		<Unit filename="Source/WorkerThreads/ConverterLauncher/ConverterLauncher.h" />
		<Unit filename="Source/WorkerThreads/ConverterLauncher/LinuxConverterLauncher.cpp" />
		<Unit filename="Source/WorkerThreads/LogWatcher/LogMessageEvent.h" />
		<Unit filename="Source/WorkerThreads/LogWatcher/LogWatcher.cpp" />
		<Unit filename="Source/WorkerThreads/LogWatcher/LogWatcher.h" />
		<Unit filename="Source/WorkerThreads/ModCopier/ModCopier.cpp" />
		<Unit filename="Source/WorkerThreads/ModCopier/ModCopier.h" />
		<Extensions />
	</Project>
</CodeBlocks_project_file>
